
Microsoft Visual Studio Solution File, Format Version 12.00
# Visual Studio 15
Project("{FAE04EC0-301F-11D3-BF4B-00C04F79EFBC}") = "Assembly-CSharp-firstpass", "Assembly-CSharp-firstpass.csproj", "{00326E8D-24B0-1677-C8EA-4A3565F98261}"
EndProject
Project("{FAE04EC0-301F-11D3-BF4B-00C04F79EFBC}") = "Assembly-CSharp", "Assembly-CSharp.csproj", "{C1E4BF9B-50A7-8364-B45E-CD6E96D2A57C}"
EndProject
Project("{FAE04EC0-301F-11D3-BF4B-00C04F79EFBC}") = "Assembly-CSharp-Editor-firstpass", "Assembly-CSharp-Editor-firstpass.csproj", "{242501C9-5C53-74DF-2DE8-831546663205}"
EndProject
Project("{FAE04EC0-301F-11D3-BF4B-00C04F79EFBC}") = "Assembly-CSharp-Editor", "Assembly-CSharp-Editor.csproj", "{6AC1A4CB-AB17-0B2E-8449-E2771B3CCE30}"
EndProject
Global
	GlobalSection(SolutionConfigurationPlatforms) = preSolution
		Debug|Any CPU = Debug|Any CPU
		Release|Any CPU = Release|Any CPU
	EndGlobalSection
	GlobalSection(ProjectConfigurationPlatforms) = postSolution
		{00326E8D-24B0-1677-C8EA-4A3565F98261}.Debug|Any CPU.ActiveCfg = Debug|Any CPU
		{00326E8D-24B0-1677-C8EA-4A3565F98261}.Debug|Any CPU.Build.0 = Debug|Any CPU
		{00326E8D-24B0-1677-C8EA-4A3565F98261}.Release|Any CPU.ActiveCfg = Release|Any CPU
		{00326E8D-24B0-1677-C8EA-4A3565F98261}.Release|Any CPU.Build.0 = Release|Any CPU
		{C1E4BF9B-50A7-8364-B45E-CD6E96D2A57C}.Debug|Any CPU.ActiveCfg = Debug|Any CPU
		{C1E4BF9B-50A7-8364-B45E-CD6E96D2A57C}.Debug|Any CPU.Build.0 = Debug|Any CPU
		{C1E4BF9B-50A7-8364-B45E-CD6E96D2A57C}.Release|Any CPU.ActiveCfg = Release|Any CPU
		{C1E4BF9B-50A7-8364-B45E-CD6E96D2A57C}.Release|Any CPU.Build.0 = Release|Any CPU
		{242501C9-5C53-74DF-2DE8-831546663205}.Debug|Any CPU.ActiveCfg = Debug|Any CPU
		{242501C9-5C53-74DF-2DE8-831546663205}.Debug|Any CPU.Build.0 = Debug|Any CPU
		{242501C9-5C53-74DF-2DE8-831546663205}.Release|Any CPU.ActiveCfg = Release|Any CPU
		{242501C9-5C53-74DF-2DE8-831546663205}.Release|Any CPU.Build.0 = Release|Any CPU
		{6AC1A4CB-AB17-0B2E-8449-E2771B3CCE30}.Debug|Any CPU.ActiveCfg = Debug|Any CPU
		{6AC1A4CB-AB17-0B2E-8449-E2771B3CCE30}.Debug|Any CPU.Build.0 = Debug|Any CPU
		{6AC1A4CB-AB17-0B2E-8449-E2771B3CCE30}.Release|Any CPU.ActiveCfg = Release|Any CPU
		{6AC1A4CB-AB17-0B2E-8449-E2771B3CCE30}.Release|Any CPU.Build.0 = Release|Any CPU
	EndGlobalSection
	GlobalSection(SolutionProperties) = preSolution
		HideSolutionNode = FALSE
	EndGlobalSection
EndGlobal
